
Microsoft Visual Studio Solution File, Format Version 12.00
# Blend for Visual Studio Version 17
VisualStudioVersion = 17.2.32602.215
MinimumVisualStudioVersion = 10.0.40219.1
Project("{FAE04EC0-301F-11D3-BF4B-00C04F79EFBC}") = "WpfApp11", "WpfApp11\WpfApp11.csproj", "{539D13C8-498A-44B4-B0AA-3EFC95137D9F}"
EndProject
Global
	GlobalSection(SolutionConfigurationPlatforms) = preSolution
		Debug|Any CPU = Debug|Any CPU
		Release|Any CPU = Release|Any CPU
	EndGlobalSection
	GlobalSection(ProjectConfigurationPlatforms) = postSolution
		{539D13C8-498A-44B4-B0AA-3EFC95137D9F}.Debug|Any CPU.ActiveCfg = Debug|Any CPU
		{539D13C8-498A-44B4-B0AA-3EFC95137D9F}.Debug|Any CPU.Build.0 = Debug|Any CPU
		{539D13C8-498A-44B4-B0AA-3EFC95137D9F}.Release|Any CPU.ActiveCfg = Release|Any CPU
		{539D13C8-498A-44B4-B0AA-3EFC95137D9F}.Release|Any CPU.Build.0 = Release|Any CPU
	EndGlobalSection
	GlobalSection(SolutionProperties) = preSolution
		HideSolutionNode = FALSE
	EndGlobalSection
	GlobalSection(ExtensibilityGlobals) = postSolution
		SolutionGuid = {EDDE453C-E472-4551-AE60-79D78E507C2B}
	EndGlobalSection
EndGlobal
